
Microsoft Visual Studio Solution File, Format Version 12.00
# Visual Studio Version 17
VisualStudioVersion = 17.0.31903.59
MinimumVisualStudioVersion = 10.0.40219.1
Project("{FAE04EC0-301F-11D3-BF4B-00C04F79EFBC}") = "lesson02_importing_and_displaying_content", "lesson02_importing_and_displaying_content\lesson02_importing_and_displaying_content.csproj", "{1D1045B6-7E86-49CA-8113-839D5A4B90AC}"
EndProject
Project("{FAE04EC0-301F-11D3-BF4B-00C04F79EFBC}") = "lesson03_draw_sprite", "lesson03_draw_sprite\lesson03_draw_sprite.csproj", "{0C795212-8DC9-4770-A98D-2A198E9D1DF1}"
EndProject
Project("{FAE04EC0-301F-11D3-BF4B-00C04F79EFBC}") = "lesson03_draw_sprite_exercise_solution", "lesson03_draw_sprite_exercise_solution\lesson03_draw_sprite_exercise_solution.csproj", "{A7FE198D-6346-46E5-AADF-4BE5CED9E30B}"
EndProject
Project("{FAE04EC0-301F-11D3-BF4B-00C04F79EFBC}") = "lesson04_animation", "lesson04_animation\lesson04_animation.csproj", "{A57A9ACC-0378-44EC-987D-4391995839D8}"
EndProject
Project("{FAE04EC0-301F-11D3-BF4B-00C04F79EFBC}") = "lesson05_keyboard_input", "lesson05_keyboard_input\lesson05_keyboard_input.csproj", "{E798178D-0D2A-42A8-80A7-2CB238AA7F16}"
EndProject
Project("{FAE04EC0-301F-11D3-BF4B-00C04F79EFBC}") = "lesson06_tictactoe01_mouse_input", "lesson06_tictactoe01_mouse_input\lesson06_tictactoe01_mouse_input.csproj", "{6ACF06D1-23B9-4210-8351-3B0FFBF4ED2D}"
EndProject
Project("{FAE04EC0-301F-11D3-BF4B-00C04F79EFBC}") = "lesson06_tictactoe01_mouse_input_exercise_solution", "lesson06_tictactoe01_mouse_input_exercise_solution\lesson06_tictactoe01_mouse_input_exercise_solution.csproj", "{EA10EA02-1BDF-4ED4-A61E-865B2AC39D31}"
EndProject
Project("{FAE04EC0-301F-11D3-BF4B-00C04F79EFBC}") = "lesson07_2D_arrays", "lesson07_2D_arrays\lesson07_2D_arrays.csproj", "{6FB82D6E-3C59-42B7-9DC9-BB87DD9AF2F8}"
EndProject
Project("{FAE04EC0-301F-11D3-BF4B-00C04F79EFBC}") = "lesson08_tictactoe_final", "lesson08_tictactoe_final\lesson08_tictactoe_final.csproj", "{DF9D68A8-2F4A-4E1B-BC9F-CF06D1DB3ADF}"
EndProject
Project("{FAE04EC0-301F-11D3-BF4B-00C04F79EFBC}") = "lesson09_pong_begin", "lesson09_pong_begin\lesson09_pong_begin.csproj", "{030E646D-B500-4C4C-9838-FAE06148BB05}"
EndProject
Project("{FAE04EC0-301F-11D3-BF4B-00C04F79EFBC}") = "lesson10_scale_and_paddle", "lesson10_scale_and_paddle\lesson10_scale_and_paddle.csproj", "{EE272A16-995A-4D24-A5B0-5E47E5C99C77}"
EndProject
Project("{FAE04EC0-301F-11D3-BF4B-00C04F79EFBC}") = "lesson11_Ball_class", "lesson11_Ball_class\lesson11_Ball_class.csproj", "{A94A3DF9-F302-414F-AF17-BB12AA9EC6B8}"
EndProject
Project("{FAE04EC0-301F-11D3-BF4B-00C04F79EFBC}") = "lesson12_Ball_and_Paddle", "lesson12_Ball_and_Paddle\lesson12_Ball_and_Paddle.csproj", "{BA3A7BF1-2B17-4419-A726-70DA4259800E}"
EndProject
Project("{FAE04EC0-301F-11D3-BF4B-00C04F79EFBC}") = "lesson13_TicTacToe_HUD", "lesson13_TicTacToe_HUD\lesson13_TicTacToe_HUD.csproj", "{DD58446C-BFE4-4503-850C-49D81CAF09BB}"
EndProject
Project("{FAE04EC0-301F-11D3-BF4B-00C04F79EFBC}") = "lesson14_Pong_Final", "lesson14_Pong_Final\lesson14_Pong_Final.csproj", "{FE16E4B7-A4CC-469D-9B46-FC937E3B52C6}"
EndProject
Project("{FAE04EC0-301F-11D3-BF4B-00C04F79EFBC}") = "lesson15_MosquitoAttack_Cannon", "lesson15_MosquitoAttack_Cannon\lesson15_MosquitoAttack_Cannon.csproj", "{C6EE55C8-52FC-40A1-9672-97AE182CC1AA}"
EndProject
Project("{FAE04EC0-301F-11D3-BF4B-00C04F79EFBC}") = "lesson16_MosquitoAttack_States", "lesson16_MosquitoAttack_States\lesson16_MosquitoAttack_States.csproj", "{312994D2-C928-4017-8DF3-56C9EA400869}"
EndProject
Project("{FAE04EC0-301F-11D3-BF4B-00C04F79EFBC}") = "lesson17_MosquitoAttack_Mosquito", "lesson17_MosquitoAttack_Mosquito\lesson17_MosquitoAttack_Mosquito.csproj", "{DB3A1887-30F4-42E8-BB80-77D004E4D4DE}"
EndProject
Project("{FAE04EC0-301F-11D3-BF4B-00C04F79EFBC}") = "lesson18_MosquitoAttack_CannonBall", "lesson18_MosquitoAttack_CannonBall\lesson18_MosquitoAttack_CannonBall.csproj", "{C3AAB19E-755E-41F5-80EA-C99A4C786FA4}"
EndProject
Project("{FAE04EC0-301F-11D3-BF4B-00C04F79EFBC}") = "lesson19_MosquitoAttack_Collisions", "lesson19_MosquitoAttack_Collisions\lesson19_MosquitoAttack_Collisions.csproj", "{D4E6161A-D90A-4FDC-9A50-1925AD9370BC}"
EndProject
Global
	GlobalSection(SolutionConfigurationPlatforms) = preSolution
		Debug|Any CPU = Debug|Any CPU
		Release|Any CPU = Release|Any CPU
	EndGlobalSection
	GlobalSection(SolutionProperties) = preSolution
		HideSolutionNode = FALSE
	EndGlobalSection
	GlobalSection(ProjectConfigurationPlatforms) = postSolution
		{1D1045B6-7E86-49CA-8113-839D5A4B90AC}.Debug|Any CPU.ActiveCfg = Debug|Any CPU
		{1D1045B6-7E86-49CA-8113-839D5A4B90AC}.Debug|Any CPU.Build.0 = Debug|Any CPU
		{1D1045B6-7E86-49CA-8113-839D5A4B90AC}.Release|Any CPU.ActiveCfg = Release|Any CPU
		{1D1045B6-7E86-49CA-8113-839D5A4B90AC}.Release|Any CPU.Build.0 = Release|Any CPU
		{0C795212-8DC9-4770-A98D-2A198E9D1DF1}.Debug|Any CPU.ActiveCfg = Debug|Any CPU
		{0C795212-8DC9-4770-A98D-2A198E9D1DF1}.Debug|Any CPU.Build.0 = Debug|Any CPU
		{0C795212-8DC9-4770-A98D-2A198E9D1DF1}.Release|Any CPU.ActiveCfg = Release|Any CPU
		{0C795212-8DC9-4770-A98D-2A198E9D1DF1}.Release|Any CPU.Build.0 = Release|Any CPU
		{A7FE198D-6346-46E5-AADF-4BE5CED9E30B}.Debug|Any CPU.ActiveCfg = Debug|Any CPU
		{A7FE198D-6346-46E5-AADF-4BE5CED9E30B}.Debug|Any CPU.Build.0 = Debug|Any CPU
		{A7FE198D-6346-46E5-AADF-4BE5CED9E30B}.Release|Any CPU.ActiveCfg = Release|Any CPU
		{A7FE198D-6346-46E5-AADF-4BE5CED9E30B}.Release|Any CPU.Build.0 = Release|Any CPU
		{A57A9ACC-0378-44EC-987D-4391995839D8}.Debug|Any CPU.ActiveCfg = Debug|Any CPU
		{A57A9ACC-0378-44EC-987D-4391995839D8}.Debug|Any CPU.Build.0 = Debug|Any CPU
		{A57A9ACC-0378-44EC-987D-4391995839D8}.Release|Any CPU.ActiveCfg = Release|Any CPU
		{A57A9ACC-0378-44EC-987D-4391995839D8}.Release|Any CPU.Build.0 = Release|Any CPU
		{E798178D-0D2A-42A8-80A7-2CB238AA7F16}.Debug|Any CPU.ActiveCfg = Debug|Any CPU
		{E798178D-0D2A-42A8-80A7-2CB238AA7F16}.Debug|Any CPU.Build.0 = Debug|Any CPU
		{E798178D-0D2A-42A8-80A7-2CB238AA7F16}.Release|Any CPU.ActiveCfg = Release|Any CPU
		{E798178D-0D2A-42A8-80A7-2CB238AA7F16}.Release|Any CPU.Build.0 = Release|Any CPU
		{6ACF06D1-23B9-4210-8351-3B0FFBF4ED2D}.Debug|Any CPU.ActiveCfg = Debug|Any CPU
		{6ACF06D1-23B9-4210-8351-3B0FFBF4ED2D}.Debug|Any CPU.Build.0 = Debug|Any CPU
		{6ACF06D1-23B9-4210-8351-3B0FFBF4ED2D}.Release|Any CPU.ActiveCfg = Release|Any CPU
		{6ACF06D1-23B9-4210-8351-3B0FFBF4ED2D}.Release|Any CPU.Build.0 = Release|Any CPU
		{23F3DE62-0C23-4417-B62D-35E9ECF01A4F}.Debug|Any CPU.ActiveCfg = Debug|Any CPU
		{23F3DE62-0C23-4417-B62D-35E9ECF01A4F}.Debug|Any CPU.Build.0 = Debug|Any CPU
		{23F3DE62-0C23-4417-B62D-35E9ECF01A4F}.Release|Any CPU.ActiveCfg = Release|Any CPU
		{23F3DE62-0C23-4417-B62D-35E9ECF01A4F}.Release|Any CPU.Build.0 = Release|Any CPU
		{200E8898-CDD3-4BE9-B3A0-C743EB5514D2}.Debug|Any CPU.ActiveCfg = Debug|Any CPU
		{200E8898-CDD3-4BE9-B3A0-C743EB5514D2}.Debug|Any CPU.Build.0 = Debug|Any CPU
		{200E8898-CDD3-4BE9-B3A0-C743EB5514D2}.Release|Any CPU.ActiveCfg = Release|Any CPU
		{200E8898-CDD3-4BE9-B3A0-C743EB5514D2}.Release|Any CPU.Build.0 = Release|Any CPU
		{EA10EA02-1BDF-4ED4-A61E-865B2AC39D31}.Debug|Any CPU.ActiveCfg = Debug|Any CPU
		{EA10EA02-1BDF-4ED4-A61E-865B2AC39D31}.Debug|Any CPU.Build.0 = Debug|Any CPU
		{EA10EA02-1BDF-4ED4-A61E-865B2AC39D31}.Release|Any CPU.ActiveCfg = Release|Any CPU
		{EA10EA02-1BDF-4ED4-A61E-865B2AC39D31}.Release|Any CPU.Build.0 = Release|Any CPU
		{6FB82D6E-3C59-42B7-9DC9-BB87DD9AF2F8}.Debug|Any CPU.ActiveCfg = Debug|Any CPU
		{6FB82D6E-3C59-42B7-9DC9-BB87DD9AF2F8}.Debug|Any CPU.Build.0 = Debug|Any CPU
		{6FB82D6E-3C59-42B7-9DC9-BB87DD9AF2F8}.Release|Any CPU.ActiveCfg = Release|Any CPU
		{6FB82D6E-3C59-42B7-9DC9-BB87DD9AF2F8}.Release|Any CPU.Build.0 = Release|Any CPU
		{DF9D68A8-2F4A-4E1B-BC9F-CF06D1DB3ADF}.Debug|Any CPU.ActiveCfg = Debug|Any CPU
		{DF9D68A8-2F4A-4E1B-BC9F-CF06D1DB3ADF}.Debug|Any CPU.Build.0 = Debug|Any CPU
		{DF9D68A8-2F4A-4E1B-BC9F-CF06D1DB3ADF}.Release|Any CPU.ActiveCfg = Release|Any CPU
		{DF9D68A8-2F4A-4E1B-BC9F-CF06D1DB3ADF}.Release|Any CPU.Build.0 = Release|Any CPU
		{030E646D-B500-4C4C-9838-FAE06148BB05}.Debug|Any CPU.ActiveCfg = Debug|Any CPU
		{030E646D-B500-4C4C-9838-FAE06148BB05}.Debug|Any CPU.Build.0 = Debug|Any CPU
		{030E646D-B500-4C4C-9838-FAE06148BB05}.Release|Any CPU.ActiveCfg = Release|Any CPU
		{030E646D-B500-4C4C-9838-FAE06148BB05}.Release|Any CPU.Build.0 = Release|Any CPU
		{EE272A16-995A-4D24-A5B0-5E47E5C99C77}.Debug|Any CPU.ActiveCfg = Debug|Any CPU
		{EE272A16-995A-4D24-A5B0-5E47E5C99C77}.Debug|Any CPU.Build.0 = Debug|Any CPU
		{EE272A16-995A-4D24-A5B0-5E47E5C99C77}.Release|Any CPU.ActiveCfg = Release|Any CPU
		{EE272A16-995A-4D24-A5B0-5E47E5C99C77}.Release|Any CPU.Build.0 = Release|Any CPU
		{A94A3DF9-F302-414F-AF17-BB12AA9EC6B8}.Debug|Any CPU.ActiveCfg = Debug|Any CPU
		{A94A3DF9-F302-414F-AF17-BB12AA9EC6B8}.Debug|Any CPU.Build.0 = Debug|Any CPU
		{A94A3DF9-F302-414F-AF17-BB12AA9EC6B8}.Release|Any CPU.ActiveCfg = Release|Any CPU
		{A94A3DF9-F302-414F-AF17-BB12AA9EC6B8}.Release|Any CPU.Build.0 = Release|Any CPU
		{BA3A7BF1-2B17-4419-A726-70DA4259800E}.Debug|Any CPU.ActiveCfg = Debug|Any CPU
		{BA3A7BF1-2B17-4419-A726-70DA4259800E}.Debug|Any CPU.Build.0 = Debug|Any CPU
		{BA3A7BF1-2B17-4419-A726-70DA4259800E}.Release|Any CPU.ActiveCfg = Release|Any CPU
		{BA3A7BF1-2B17-4419-A726-70DA4259800E}.Release|Any CPU.Build.0 = Release|Any CPU
		{DD58446C-BFE4-4503-850C-49D81CAF09BB}.Debug|Any CPU.ActiveCfg = Debug|Any CPU
		{DD58446C-BFE4-4503-850C-49D81CAF09BB}.Debug|Any CPU.Build.0 = Debug|Any CPU
		{DD58446C-BFE4-4503-850C-49D81CAF09BB}.Release|Any CPU.ActiveCfg = Release|Any CPU
		{DD58446C-BFE4-4503-850C-49D81CAF09BB}.Release|Any CPU.Build.0 = Release|Any CPU
		{FE16E4B7-A4CC-469D-9B46-FC937E3B52C6}.Debug|Any CPU.ActiveCfg = Debug|Any CPU
		{FE16E4B7-A4CC-469D-9B46-FC937E3B52C6}.Debug|Any CPU.Build.0 = Debug|Any CPU
		{FE16E4B7-A4CC-469D-9B46-FC937E3B52C6}.Release|Any CPU.ActiveCfg = Release|Any CPU
		{FE16E4B7-A4CC-469D-9B46-FC937E3B52C6}.Release|Any CPU.Build.0 = Release|Any CPU
		{C6EE55C8-52FC-40A1-9672-97AE182CC1AA}.Debug|Any CPU.ActiveCfg = Debug|Any CPU
		{C6EE55C8-52FC-40A1-9672-97AE182CC1AA}.Debug|Any CPU.Build.0 = Debug|Any CPU
		{C6EE55C8-52FC-40A1-9672-97AE182CC1AA}.Release|Any CPU.ActiveCfg = Release|Any CPU
		{C6EE55C8-52FC-40A1-9672-97AE182CC1AA}.Release|Any CPU.Build.0 = Release|Any CPU
		{312994D2-C928-4017-8DF3-56C9EA400869}.Debug|Any CPU.ActiveCfg = Debug|Any CPU
		{312994D2-C928-4017-8DF3-56C9EA400869}.Debug|Any CPU.Build.0 = Debug|Any CPU
		{312994D2-C928-4017-8DF3-56C9EA400869}.Release|Any CPU.ActiveCfg = Release|Any CPU
		{312994D2-C928-4017-8DF3-56C9EA400869}.Release|Any CPU.Build.0 = Release|Any CPU
		{DB3A1887-30F4-42E8-BB80-77D004E4D4DE}.Debug|Any CPU.ActiveCfg = Debug|Any CPU
		{DB3A1887-30F4-42E8-BB80-77D004E4D4DE}.Debug|Any CPU.Build.0 = Debug|Any CPU
		{DB3A1887-30F4-42E8-BB80-77D004E4D4DE}.Release|Any CPU.ActiveCfg = Release|Any CPU
		{DB3A1887-30F4-42E8-BB80-77D004E4D4DE}.Release|Any CPU.Build.0 = Release|Any CPU
		{7485547D-5ABF-4276-83F8-2D98FB7D1BEC}.Debug|Any CPU.ActiveCfg = Debug|Any CPU
		{7485547D-5ABF-4276-83F8-2D98FB7D1BEC}.Debug|Any CPU.Build.0 = Debug|Any CPU
		{7485547D-5ABF-4276-83F8-2D98FB7D1BEC}.Release|Any CPU.ActiveCfg = Release|Any CPU
		{C3AAB19E-755E-41F5-80EA-C99A4C786FA4}.Debug|Any CPU.ActiveCfg = Debug|Any CPU
		{C3AAB19E-755E-41F5-80EA-C99A4C786FA4}.Debug|Any CPU.Build.0 = Debug|Any CPU
		{C3AAB19E-755E-41F5-80EA-C99A4C786FA4}.Release|Any CPU.ActiveCfg = Release|Any CPU
		{C3AAB19E-755E-41F5-80EA-C99A4C786FA4}.Release|Any CPU.Build.0 = Release|Any CPU
		{D4E6161A-D90A-4FDC-9A50-1925AD9370BC}.Debug|Any CPU.ActiveCfg = Debug|Any CPU
		{D4E6161A-D90A-4FDC-9A50-1925AD9370BC}.Debug|Any CPU.Build.0 = Debug|Any CPU
		{D4E6161A-D90A-4FDC-9A50-1925AD9370BC}.Release|Any CPU.ActiveCfg = Release|Any CPU
		{D4E6161A-D90A-4FDC-9A50-1925AD9370BC}.Release|Any CPU.Build.0 = Release|Any CPU
	EndGlobalSection
EndGlobal
