Microsoft Visual Studio Solution File, Format Version 12.00
# Visual Studio Version 17
VisualStudioVersion = 17.5.2.0
MinimumVisualStudioVersion = 10.0.40219.1
Project("{FAE04EC0-301F-11D3-BF4B-00C04F79EFBC}") = "lesson06_tictactoe01_mouse_input_exercise_solution", "lesson06_tictactoe01_mouse_input_exercise_solution.csproj", "{4282779E-FA39-3B37-1104-057C0D353186}"
EndProject
Global
	GlobalSection(SolutionConfigurationPlatforms) = preSolution
		Debug|Any CPU = Debug|Any CPU
		Release|Any CPU = Release|Any CPU
	EndGlobalSection
	GlobalSection(ProjectConfigurationPlatforms) = postSolution
		{4282779E-FA39-3B37-1104-057C0D353186}.Debug|Any CPU.ActiveCfg = Debug|Any CPU
		{4282779E-FA39-3B37-1104-057C0D353186}.Debug|Any CPU.Build.0 = Debug|Any CPU
		{4282779E-FA39-3B37-1104-057C0D353186}.Release|Any CPU.ActiveCfg = Release|Any CPU
		{4282779E-FA39-3B37-1104-057C0D353186}.Release|Any CPU.Build.0 = Release|Any CPU
	EndGlobalSection
	GlobalSection(SolutionProperties) = preSolution
		HideSolutionNode = FALSE
	EndGlobalSection
	GlobalSection(ExtensibilityGlobals) = postSolution
		SolutionGuid = {6E9EA12F-3883-4B55-B019-1FE3482440AA}
	EndGlobalSection
EndGlobal
